
Microsoft Visual Studio Solution File, Format Version 12.00
# Visual Studio Version 17
VisualStudioVersion = 17.11.35431.28
MinimumVisualStudioVersion = 10.0.40219.1
Project("{FAE04EC0-301F-11D3-BF4B-00C04F79EFBC}") = "Hauna.Urooj", "Hauna.Urooj\Hauna.Urooj.csproj", "{88466D1F-7F49-441A-830B-E97DF2276811}"
EndProject
Global
	GlobalSection(SolutionConfigurationPlatforms) = preSolution
		Debug|Any CPU = Debug|Any CPU
		Release|Any CPU = Release|Any CPU
	EndGlobalSection
	GlobalSection(ProjectConfigurationPlatforms) = postSolution
		{88466D1F-7F49-441A-830B-E97DF2276811}.Debug|Any CPU.ActiveCfg = Debug|Any CPU
		{88466D1F-7F49-441A-830B-E97DF2276811}.Debug|Any CPU.Build.0 = Debug|Any CPU
		{88466D1F-7F49-441A-830B-E97DF2276811}.Release|Any CPU.ActiveCfg = Release|Any CPU
		{88466D1F-7F49-441A-830B-E97DF2276811}.Release|Any CPU.Build.0 = Release|Any CPU
	EndGlobalSection
	GlobalSection(SolutionProperties) = preSolution
		HideSolutionNode = FALSE
	EndGlobalSection
	GlobalSection(ExtensibilityGlobals) = postSolution
		SolutionGuid = {A1F8264A-99A5-4E45-ADC4-9BF538BD6A34}
	EndGlobalSection
EndGlobal
